{
  "name": "@anio-software/pkg.node-fs-tmp",
  "version": "0.0.1",
  "lockfileVersion": 3,
  "requires": true,
  "packages": {
    "": {
      "name": "@anio-software/pkg.node-fs-tmp",
      "version": "0.0.1",
      "license": "MIT",
      "devDependencies": {
        "@anio-software/enkore": "^0.0.103",
        "@anio-software/enkore.core": "^0.11.2",
        "@anio-software/enkore.target-js-node": "^0.0.259-canary-390192b1-2480e47a",
        "@anio-software/pkg-private.node-consistent-fs": "^0.0.1",
        "@anio-software/pkg.is": "^0.0.3"
      }
    },
    "node_modules/@anio-software/enkore": {
      "version": "0.0.103",
      "resolved": "https://npm-registry.anio.software/@anio-software/enkore/-/enkore-0.0.103.tgz",
      "integrity": "sha512-uAGcTIoWqNYBSDb2RUNW3Zo6NG3r/t5ETTXgF4/zVXnYvRGULgQoceXME+FFVuyubBZ8z9reEsUKg9UWPmZNBQ==",
      "dev": true,
      "license": "MIT",
      "bin": {
        "enkore": "cli.mjs"
      }
    },
    "node_modules/@anio-software/enkore.core": {
      "version": "0.11.2",
      "resolved": "https://npm-registry.anio.software/@anio-software/enkore.core/-/enkore.core-0.11.2.tgz",
      "integrity": "sha512-7Y9zKQWUHS6u8ntmQx+E740rjXNUJ/uIPFLe+ycBnQb7oRWwJv/TM22tLntSdzEat9qqONJ58p1J85dgC80z0A==",
      "dev": true,
      "license": "MIT"
    },
    "node_modules/@anio-software/enkore.js-runtime": {
      "version": "0.0.8",
      "resolved": "https://npm-registry.anio.software/@anio-software/enkore.js-runtime/-/enkore.js-runtime-0.0.8.tgz",
      "integrity": "sha512-eXlITJZY7ezWS4up1CXknHiRV5X/Q/RQITLWZfCJpJ8yvy/vvmHuIcv2nchUdMZm7jRPNn3tBw69KWqZyO5gcQ==",
      "dev": true,
      "license": "MIT",
      "peer": true,
      "engines": {
        "node": ">=23.6.x"
      }
    },
    "node_modules/@anio-software/enkore.target-js-node": {
      "version": "0.0.259-canary-390192b1-2480e47a",
      "resolved": "https://npm-registry.anio.software/@anio-software/enkore.target-js-node/-/enkore.target-js-node-0.0.259-canary-390192b1-2480e47a.tgz",
      "integrity": "sha512-5FA6REYaDBmrFXO48iSW3XYev3LbYy/EeXh5T+jawDwlEcS0HQkHO8laGAe3V/iZl+GoYoS1gBLCqYm08pYsbg==",
      "dev": true,
      "license": "MIT",
      "peerDependencies": {
        "@anio-software/enkore.js-runtime": ">=0.0.8",
        "@types/node": ">=22.7.x"
      }
    },
    "node_modules/@anio-software/pkg-private.node-consistent-fs": {
      "version": "0.0.1",
      "resolved": "https://npm-registry.anio.software/@anio-software/pkg-private.node-consistent-fs/-/pkg-private.node-consistent-fs-0.0.1.tgz",
      "integrity": "sha512-7DCvEINZPNPCa0IeZpVbI8Zv3WFW1E08wi8Udt3K77LxLCZUMZYiokaNYBrOo+2C/1hxRgRdpiGxFh7r/tlaLw==",
      "dev": true,
      "license": "MIT",
      "engines": {
        "node": ">=23.6.x"
      }
    },
    "node_modules/@anio-software/pkg.is": {
      "version": "0.0.3",
      "resolved": "https://npm-registry.anio.software/@anio-software/pkg.is/-/pkg.is-0.0.3.tgz",
      "integrity": "sha512-ju+dqt0AGAHzE7L3cB3LAD0cUx0zN0W3q1b4cHF4mcJZe6R9U8JCTaDSr2zRGBJQq25LIeN3SGvLHZamBN5C1g==",
      "dev": true,
      "license": "MIT"
    },
    "node_modules/@types/node": {
      "version": "22.10.1",
      "resolved": "https://registry.npmjs.org/@types/node/-/node-22.10.1.tgz",
      "integrity": "sha512-qKgsUwfHZV2WCWLAnVP1JqnpE6Im6h3Y0+fYgMTasNQ7V++CBX5OT1as0g0f+OyubbFqhf6XVNIsmN4IIhEgGQ==",
      "dev": true,
      "license": "MIT",
      "peer": true,
      "dependencies": {
        "undici-types": "~6.20.0"
      }
    },
    "node_modules/undici-types": {
      "version": "6.20.0",
      "resolved": "https://registry.npmjs.org/undici-types/-/undici-types-6.20.0.tgz",
      "integrity": "sha512-Ny6QZ2Nju20vw1SRHe3d9jVu6gJ+4e3+MMpqu7pqE5HT6WsTSlce++GQmK5UXS8mzV8DSYHrQH+Xrf2jVcuKNg==",
      "dev": true,
      "license": "MIT",
      "peer": true
    }
  }
}
