{
  "name": "@anio-software/pkg.node-fs-tmp",
  "version": "0.0.0",
  "lockfileVersion": 3,
  "requires": true,
  "packages": {
    "": {
      "name": "@anio-software/pkg.node-fs-tmp",
      "version": "0.0.0",
      "license": "MIT",
      "devDependencies": {
        "@anio-software/enkore": "^0.0.100",
        "@anio-software/enkore.core": "^0.11.2",
        "@anio-software/enkore.target-js-node": "^0.0.253-canary-4dc1daac-0594cb5e"
      }
    },
    "node_modules/@anio-software/enkore": {
      "version": "0.0.100",
      "resolved": "https://npm-registry.anio.software/@anio-software/enkore/-/enkore-0.0.100.tgz",
      "integrity": "sha512-aqvTX+tWxD2K5dC+j7/dcvwiFFm2tE/1ZgRK7JTTBE3tFp33QRZD0/ut1vXVFaey61xgZDqH/QUbFEDeqdm8NQ==",
      "dev": true,
      "license": "MIT",
      "bin": {
        "enkore": "cli.mjs"
      }
    },
    "node_modules/@anio-software/enkore.core": {
      "version": "0.11.2",
      "resolved": "https://npm-registry.anio.software/@anio-software/enkore.core/-/enkore.core-0.11.2.tgz",
      "integrity": "sha512-7Y9zKQWUHS6u8ntmQx+E740rjXNUJ/uIPFLe+ycBnQb7oRWwJv/TM22tLntSdzEat9qqONJ58p1J85dgC80z0A==",
      "dev": true,
      "license": "MIT"
    },
    "node_modules/@anio-software/enkore.js-runtime": {
      "version": "0.0.5",
      "resolved": "https://npm-registry.anio.software/@anio-software/enkore.js-runtime/-/enkore.js-runtime-0.0.5.tgz",
      "integrity": "sha512-3fI2R5AUqeOZgN158rbjczYaeoEIEJPWn+fzrWgJA8SUy3p2NN0c9RyR5MCBSoskJN+ECIdan97F2Nb8hjeiew==",
      "dev": true,
      "license": "MIT",
      "peer": true,
      "engines": {
        "node": ">=23.6.x"
      }
    },
    "node_modules/@anio-software/enkore.target-js-node": {
      "version": "0.0.253-canary-4dc1daac-0594cb5e",
      "resolved": "https://npm-registry.anio.software/@anio-software/enkore.target-js-node/-/enkore.target-js-node-0.0.253-canary-4dc1daac-0594cb5e.tgz",
      "integrity": "sha512-hEIMOMekrhorqVRv7dvjxTEfnLMxc1F9mOORTTaQ2FdTtP1s1fQoggqq4qOVP16JdyraQUZW7HaWUK8AiyOcFA==",
      "dev": true,
      "license": "MIT",
      "peerDependencies": {
        "@anio-software/enkore.js-runtime": ">=0.0.5",
        "@types/node": ">=22.7.x"
      }
    },
    "node_modules/@types/node": {
      "version": "22.10.1",
      "resolved": "https://registry.npmjs.org/@types/node/-/node-22.10.1.tgz",
      "integrity": "sha512-qKgsUwfHZV2WCWLAnVP1JqnpE6Im6h3Y0+fYgMTasNQ7V++CBX5OT1as0g0f+OyubbFqhf6XVNIsmN4IIhEgGQ==",
      "dev": true,
      "license": "MIT",
      "peer": true,
      "dependencies": {
        "undici-types": "~6.20.0"
      }
    },
    "node_modules/undici-types": {
      "version": "6.20.0",
      "resolved": "https://registry.npmjs.org/undici-types/-/undici-types-6.20.0.tgz",
      "integrity": "sha512-Ny6QZ2Nju20vw1SRHe3d9jVu6gJ+4e3+MMpqu7pqE5HT6WsTSlce++GQmK5UXS8mzV8DSYHrQH+Xrf2jVcuKNg==",
      "dev": true,
      "license": "MIT",
      "peer": true
    }
  }
}
