{
  "name": "@anio-software/pkg.node-fs-tmp",
  "version": "0.0.21",
  "lockfileVersion": 3,
  "requires": true,
  "packages": {
    "": {
      "name": "@anio-software/pkg.node-fs-tmp",
      "version": "0.0.21",
      "license": "MIT",
      "devDependencies": {
        "@anio-software/enkore": "^0.0.190",
        "@anio-software/enkore.core": "^0.13.1",
        "@anio-software/enkore.target-js-node": "^0.0.404",
        "@anio-software/pkg-private.node-consistent-fs": "^0.0.5",
        "@anio-software/pkg.is": "^0.0.3"
      }
    },
    "node_modules/@anio-software/enkore": {
      "version": "0.0.190",
      "resolved": "https://npm-registry.anio.software/@anio-software/enkore/-/enkore-0.0.190.tgz",
      "integrity": "sha512-4wqBnUmnkFMXwM7qTmQKbBiPUHYpYULMIIbQzSjL0IFkVvSGwH2KMg14tSrqIfeJKRHiasHVyq5oK7VG+08EyA==",
      "dev": true,
      "license": "MIT",
      "bin": {
        "enkore": "bin/enkore.mjs"
      },
      "engines": {
        "node": ">=23.6.x"
      }
    },
    "node_modules/@anio-software/enkore.core": {
      "version": "0.13.1",
      "resolved": "https://npm-registry.anio.software/@anio-software/enkore.core/-/enkore.core-0.13.1.tgz",
      "integrity": "sha512-l9rf04AUQEbeA0jBa7OqHblJnw1K3xxPikV6jgcfwb+dDKRYR2mRz9ZitaHvuqj6O8anqVdboy5eDQak9ezG0g==",
      "dev": true,
      "license": "MIT",
      "engines": {
        "node": ">=23.6.x"
      }
    },
    "node_modules/@anio-software/enkore.js-runtime": {
      "version": "0.0.22",
      "resolved": "https://npm-registry.anio.software/@anio-software/enkore.js-runtime/-/enkore.js-runtime-0.0.22.tgz",
      "integrity": "sha512-D/ZhTWQ5AjViee387aMY2Y9R+qnZRyACqNV2H7o/5tlUmb6UbaMzuE/OwDGB0geAVNjFqs6XmDJYyyF9CrZCSw==",
      "dev": true,
      "license": "MIT",
      "peer": true,
      "engines": {
        "node": ">=23.6.x"
      }
    },
    "node_modules/@anio-software/enkore.target-js-node": {
      "version": "0.0.404",
      "resolved": "https://npm-registry.anio.software/@anio-software/enkore.target-js-node/-/enkore.target-js-node-0.0.404.tgz",
      "integrity": "sha512-tDk/xRUMQulSgLXVebrn5jT6R/HLcMGvTlkUpJaPYjEzm4yO4clBnxpEQkIFxgislBrUChlfB3kKFF2SX0uJjw==",
      "dev": true,
      "license": "MIT",
      "peerDependencies": {
        "@anio-software/enkore.js-runtime": ">=0.0.22",
        "@types/node": ">=22.7.x"
      }
    },
    "node_modules/@anio-software/pkg-private.node-consistent-fs": {
      "version": "0.0.5",
      "resolved": "https://npm-registry.anio.software/@anio-software/pkg-private.node-consistent-fs/-/pkg-private.node-consistent-fs-0.0.5.tgz",
      "integrity": "sha512-b8IDncxrqFQd7Zh2ftj2Jcdw8zAXS93sB4L61T/mm0V45I07vbbMUynxuDVSvO7k27ziI7TsHlS37bx6FINRww==",
      "dev": true,
      "license": "MIT",
      "engines": {
        "node": ">=23.6.x"
      }
    },
    "node_modules/@anio-software/pkg.is": {
      "version": "0.0.3",
      "resolved": "https://npm-registry.anio.software/@anio-software/pkg.is/-/pkg.is-0.0.3.tgz",
      "integrity": "sha512-ju+dqt0AGAHzE7L3cB3LAD0cUx0zN0W3q1b4cHF4mcJZe6R9U8JCTaDSr2zRGBJQq25LIeN3SGvLHZamBN5C1g==",
      "dev": true,
      "license": "MIT"
    },
    "node_modules/@types/node": {
      "version": "22.10.1",
      "resolved": "https://registry.npmjs.org/@types/node/-/node-22.10.1.tgz",
      "integrity": "sha512-qKgsUwfHZV2WCWLAnVP1JqnpE6Im6h3Y0+fYgMTasNQ7V++CBX5OT1as0g0f+OyubbFqhf6XVNIsmN4IIhEgGQ==",
      "dev": true,
      "license": "MIT",
      "peer": true,
      "dependencies": {
        "undici-types": "~6.20.0"
      }
    },
    "node_modules/undici-types": {
      "version": "6.20.0",
      "resolved": "https://registry.npmjs.org/undici-types/-/undici-types-6.20.0.tgz",
      "integrity": "sha512-Ny6QZ2Nju20vw1SRHe3d9jVu6gJ+4e3+MMpqu7pqE5HT6WsTSlce++GQmK5UXS8mzV8DSYHrQH+Xrf2jVcuKNg==",
      "dev": true,
      "license": "MIT",
      "peer": true
    }
  }
}
